{
  "name": "realtime-search-box",
  "version": "1.0.0",
  "lockfileVersion": 3,
  "requires": true,
  "packages": {
    "": {
      "name": "realtime-search-box",
      "version": "1.0.0",
      "license": "MIT",
      "dependencies": {
        "@hotwired/stimulus": "^3.2.1",
        "@rails/ujs": "^7.0.4-1",
        "stimulus-use": "^0.51.3"
      }
    },
    "node_modules/@hotwired/stimulus": {
      "version": "3.2.2",
      "resolved": "https://registry.npmjs.org/@hotwired/stimulus/-/stimulus-3.2.2.tgz",
      "integrity": "sha512-eGeIqNOQpXoPAIP7tC1+1Yc1yl1xnwYqg+3mzqxyrbE5pg5YFBZcA6YoTiByJB6DKAEsiWtl6tjTJS4IYtbB7A=="
    },
    "node_modules/@rails/ujs": {
      "version": "7.1.3",
      "resolved": "https://registry.npmjs.org/@rails/ujs/-/ujs-7.1.3.tgz",
      "integrity": "sha512-FxtgKNvvIonoBE1TK7U10VMf6CYvzq8SIZ1XZ1Q8zcn/BEXzPzid3zC9qFiojuI5WXVwWhO8GFqApq0stD+OqQ=="
    },
    "node_modules/hotkeys-js": {
      "version": "3.13.7",
      "resolved": "https://registry.npmjs.org/hotkeys-js/-/hotkeys-js-3.13.7.tgz",
      "integrity": "sha512-ygFIdTqqwG4fFP7kkiYlvayZppeIQX2aPpirsngkv1xM1lP0piDY5QEh68nQnIKvz64hfocxhBaD/uK3sSK1yQ==",
      "funding": {
        "url": "https://jaywcjlove.github.io/#/sponsor"
      }
    },
    "node_modules/stimulus-use": {
      "version": "0.51.3",
      "resolved": "https://registry.npmjs.org/stimulus-use/-/stimulus-use-0.51.3.tgz",
      "integrity": "sha512-V4YETxMFL4/bpmcqlwFtaOaJg9sLF+XlWsvXrsoWVA5jffsqe7uAvV6gGPPQta7Hgx01vovA0yNsWUe2eU9Jmw==",
      "dependencies": {
        "hotkeys-js": ">=3"
      },
      "peerDependencies": {
        "@hotwired/stimulus": ">= 3"
      }
    }
  }
}
